
Microsoft Visual Studio Solution File, Format Version 12.00
# Visual Studio Version 17
VisualStudioVersion = 17.0.31903.59
MinimumVisualStudioVersion = 10.0.40219.1
Project("{FAE04EC0-301F-11D3-BF4B-00C04F79EFBC}") = "AxosApp1", "AxosApp1\AxosApp1.csproj", "{AA93CD36-8D96-4FAA-A723-7D7DCB922C8B}"
EndProject
Project("{FAE04EC0-301F-11D3-BF4B-00C04F79EFBC}") = "TestProject1", "TestProject1\TestProject1.csproj", "{CEAAB23F-5D12-4508-90E9-EAB125CDE983}"
EndProject
Project("{FAE04EC0-301F-11D3-BF4B-00C04F79EFBC}") = "tests", "tests\tests.csproj", "{BFF0FFE4-C91C-4FEE-B5CE-AE2EDD3733A4}"
EndProject
Global
	GlobalSection(SolutionConfigurationPlatforms) = preSolution
		Debug|Any CPU = Debug|Any CPU
		Release|Any CPU = Release|Any CPU
	EndGlobalSection
	GlobalSection(SolutionProperties) = preSolution
		HideSolutionNode = FALSE
	EndGlobalSection
	GlobalSection(ProjectConfigurationPlatforms) = postSolution
		{AA93CD36-8D96-4FAA-A723-7D7DCB922C8B}.Debug|Any CPU.ActiveCfg = Debug|Any CPU
		{AA93CD36-8D96-4FAA-A723-7D7DCB922C8B}.Debug|Any CPU.Build.0 = Debug|Any CPU
		{AA93CD36-8D96-4FAA-A723-7D7DCB922C8B}.Release|Any CPU.ActiveCfg = Release|Any CPU
		{AA93CD36-8D96-4FAA-A723-7D7DCB922C8B}.Release|Any CPU.Build.0 = Release|Any CPU
		{CEAAB23F-5D12-4508-90E9-EAB125CDE983}.Debug|Any CPU.ActiveCfg = Debug|Any CPU
		{CEAAB23F-5D12-4508-90E9-EAB125CDE983}.Debug|Any CPU.Build.0 = Debug|Any CPU
		{CEAAB23F-5D12-4508-90E9-EAB125CDE983}.Release|Any CPU.ActiveCfg = Release|Any CPU
		{CEAAB23F-5D12-4508-90E9-EAB125CDE983}.Release|Any CPU.Build.0 = Release|Any CPU
		{BFF0FFE4-C91C-4FEE-B5CE-AE2EDD3733A4}.Debug|Any CPU.ActiveCfg = Debug|Any CPU
		{BFF0FFE4-C91C-4FEE-B5CE-AE2EDD3733A4}.Debug|Any CPU.Build.0 = Debug|Any CPU
		{BFF0FFE4-C91C-4FEE-B5CE-AE2EDD3733A4}.Release|Any CPU.ActiveCfg = Release|Any CPU
		{BFF0FFE4-C91C-4FEE-B5CE-AE2EDD3733A4}.Release|Any CPU.Build.0 = Release|Any CPU
	EndGlobalSection
EndGlobal
